
Microsoft Visual Studio Solution File, Format Version 12.00
Project("{2150E333-8FDC-42A3-9474-1A3956D46DE8}") = "Unicorn.Contracts", "Unicorn.Contracts", "{18C75C53-AD2C-4EAA-A13F-E5AE7F1C0DA3}"
	ProjectSection(SolutionItems) = preProject
		Unicorn.Contracts\README.md = Unicorn.Contracts\README.md
		Unicorn.Contracts\template.yaml = Unicorn.Contracts\template.yaml
		Unicorn.Contracts\api.yaml = Unicorn.Contracts\api.yaml
		Unicorn.Contracts\samconfig.yaml = Unicorn.Contracts\samconfig.yaml
	EndProjectSection
EndProject
Project("{2150E333-8FDC-42A3-9474-1A3956D46DE8}") = "Unicorn.Web", "Unicorn.Web", "{7CE383EB-7FD5-44C9-A470-5C603D4E06DC}"
	ProjectSection(SolutionItems) = preProject
		Unicorn.Web\README.md = Unicorn.Web\README.md
		Unicorn.Web\template.yaml = Unicorn.Web\template.yaml
		Unicorn.Web\api.yaml = Unicorn.Web\api.yaml
		Unicorn.Web\samconfig.yaml = Unicorn.Web\samconfig.yaml
	EndProjectSection
EndProject
Project("{2150E333-8FDC-42A3-9474-1A3956D46DE8}") = "Unicorn.Properties", "Unicorn.Properties", "{F04908B5-232B-4007-A4DA-572106DF05FA}"
	ProjectSection(SolutionItems) = preProject
		Unicorn.Properties\StateMachine\PropertyApproval.asl.yaml = Unicorn.Properties\StateMachine\PropertyApproval.asl.yaml
		Unicorn.Properties\README.md = Unicorn.Properties\README.md
		Unicorn.Properties\template.yaml = Unicorn.Properties\template.yaml
		Unicorn.Properties\samconfig.yaml = Unicorn.Properties\samconfig.yaml
	EndProjectSection
EndProject
Project("{2150E333-8FDC-42A3-9474-1A3956D46DE8}") = "Docs", "Docs", "{374823C4-DF51-4304-8ECE-C5BBA4F2CEE6}"
	ProjectSection(SolutionItems) = preProject
		README.md = README.md
	EndProjectSection
EndProject
Project("{FAE04EC0-301F-11D3-BF4B-00C04F79EFBC}") = "ContractsService", "Unicorn.Contracts\ContractsService\ContractsService.csproj", "{8FBB3C26-DD69-4D71-8988-F3BA79BF55BB}"
EndProject
Project("{FAE04EC0-301F-11D3-BF4B-00C04F79EFBC}") = "ContractsService.Tests", "Unicorn.Contracts\ContractsService.Test\ContractsService.Tests.csproj", "{DCFD76E6-4C0C-4169-8C6B-7E8883ECE240}"
EndProject
Project("{FAE04EC0-301F-11D3-BF4B-00C04F79EFBC}") = "PropertiesService", "Unicorn.Properties\PropertiesService\PropertiesService.csproj", "{0257D140-4A66-49B2-A778-AB6E477504F4}"
EndProject
Project("{FAE04EC0-301F-11D3-BF4B-00C04F79EFBC}") = "PropertiesService.Tests", "Unicorn.Properties\PropertiesService.Tests\PropertiesService.Tests.csproj", "{061C5F8A-80C6-4E13-8C63-AA4CAC2A334D}"
EndProject
Project("{FAE04EC0-301F-11D3-BF4B-00C04F79EFBC}") = "SearchService", "Unicorn.Web\SearchService\SearchService.csproj", "{545FF06E-18EC-4725-9D13-879D6AACC4A1}"
EndProject
Project("{FAE04EC0-301F-11D3-BF4B-00C04F79EFBC}") = "SearchService.Tests", "Unicorn.Web\SearchService.Tests\SearchService.Tests.csproj", "{03CB51D2-3DA7-4CB5-B72D-5E92B60F6EB6}"
EndProject
Project("{FAE04EC0-301F-11D3-BF4B-00C04F79EFBC}") = "ApprovalService", "Unicorn.Web\ApprovalService\ApprovalService.csproj", "{C4C0D661-D96B-496B-994B-DCB106EAB660}"
EndProject
Project("{FAE04EC0-301F-11D3-BF4B-00C04F79EFBC}") = "ApprovalService.Tests", "Unicorn.Web\ApprovalService.Tests\ApprovalService.Tests.csproj", "{7FDDB6BF-22EB-445D-A5EA-06613A4F1677}"
EndProject
Project("{FAE04EC0-301F-11D3-BF4B-00C04F79EFBC}") = "Common", "Unicorn.Web\Common\Common.csproj", "{1833D4D3-09EB-4599-9E07-CD3D27D3446C}"
EndProject
Project("{2150E333-8FDC-42A3-9474-1A3956D46DE8}") = "Integration", "Integration", "{053D1FC5-C093-460D-84DA-0598B6A66157}"
	ProjectSection(SolutionItems) = preProject
		Unicorn.Contracts\integration\subscriber-policies.yaml = Unicorn.Contracts\integration\subscriber-policies.yaml
	EndProjectSection
EndProject
Project("{2150E333-8FDC-42A3-9474-1A3956D46DE8}") = "Integration", "Integration", "{0917028A-88F9-498A-924B-2A81EFCF31C4}"
	ProjectSection(SolutionItems) = preProject
		Unicorn.Web\Integration\subscriber-policies.yaml = Unicorn.Web\Integration\subscriber-policies.yaml
		Unicorn.Web\Integration\subscriptions.yaml = Unicorn.Web\Integration\subscriptions.yaml
	EndProjectSection
EndProject
Project("{2150E333-8FDC-42A3-9474-1A3956D46DE8}") = "Integration", "Integration", "{22AE94D7-96AF-42C4-93EB-5D3C4E6C7725}"
	ProjectSection(SolutionItems) = preProject
		Unicorn.Properties\Integration\subscriber-policies.yaml = Unicorn.Properties\Integration\subscriber-policies.yaml
		Unicorn.Properties\Integration\subscriptions.yaml = Unicorn.Properties\Integration\subscriptions.yaml
	EndProjectSection
EndProject
Global
	GlobalSection(SolutionConfigurationPlatforms) = preSolution
		Debug|Any CPU = Debug|Any CPU
		Release|Any CPU = Release|Any CPU
	EndGlobalSection
	GlobalSection(ProjectConfigurationPlatforms) = postSolution
		{8FBB3C26-DD69-4D71-8988-F3BA79BF55BB}.Debug|Any CPU.ActiveCfg = Debug|Any CPU
		{8FBB3C26-DD69-4D71-8988-F3BA79BF55BB}.Debug|Any CPU.Build.0 = Debug|Any CPU
		{8FBB3C26-DD69-4D71-8988-F3BA79BF55BB}.Release|Any CPU.ActiveCfg = Release|Any CPU
		{8FBB3C26-DD69-4D71-8988-F3BA79BF55BB}.Release|Any CPU.Build.0 = Release|Any CPU
		{DCFD76E6-4C0C-4169-8C6B-7E8883ECE240}.Debug|Any CPU.ActiveCfg = Debug|Any CPU
		{DCFD76E6-4C0C-4169-8C6B-7E8883ECE240}.Debug|Any CPU.Build.0 = Debug|Any CPU
		{DCFD76E6-4C0C-4169-8C6B-7E8883ECE240}.Release|Any CPU.ActiveCfg = Release|Any CPU
		{DCFD76E6-4C0C-4169-8C6B-7E8883ECE240}.Release|Any CPU.Build.0 = Release|Any CPU
		{0257D140-4A66-49B2-A778-AB6E477504F4}.Debug|Any CPU.ActiveCfg = Debug|Any CPU
		{0257D140-4A66-49B2-A778-AB6E477504F4}.Debug|Any CPU.Build.0 = Debug|Any CPU
		{0257D140-4A66-49B2-A778-AB6E477504F4}.Release|Any CPU.ActiveCfg = Release|Any CPU
		{0257D140-4A66-49B2-A778-AB6E477504F4}.Release|Any CPU.Build.0 = Release|Any CPU
		{061C5F8A-80C6-4E13-8C63-AA4CAC2A334D}.Debug|Any CPU.ActiveCfg = Debug|Any CPU
		{061C5F8A-80C6-4E13-8C63-AA4CAC2A334D}.Debug|Any CPU.Build.0 = Debug|Any CPU
		{061C5F8A-80C6-4E13-8C63-AA4CAC2A334D}.Release|Any CPU.ActiveCfg = Release|Any CPU
		{061C5F8A-80C6-4E13-8C63-AA4CAC2A334D}.Release|Any CPU.Build.0 = Release|Any CPU
		{545FF06E-18EC-4725-9D13-879D6AACC4A1}.Debug|Any CPU.ActiveCfg = Debug|Any CPU
		{545FF06E-18EC-4725-9D13-879D6AACC4A1}.Debug|Any CPU.Build.0 = Debug|Any CPU
		{545FF06E-18EC-4725-9D13-879D6AACC4A1}.Release|Any CPU.ActiveCfg = Release|Any CPU
		{545FF06E-18EC-4725-9D13-879D6AACC4A1}.Release|Any CPU.Build.0 = Release|Any CPU
		{03CB51D2-3DA7-4CB5-B72D-5E92B60F6EB6}.Debug|Any CPU.ActiveCfg = Debug|Any CPU
		{03CB51D2-3DA7-4CB5-B72D-5E92B60F6EB6}.Debug|Any CPU.Build.0 = Debug|Any CPU
		{03CB51D2-3DA7-4CB5-B72D-5E92B60F6EB6}.Release|Any CPU.ActiveCfg = Release|Any CPU
		{03CB51D2-3DA7-4CB5-B72D-5E92B60F6EB6}.Release|Any CPU.Build.0 = Release|Any CPU
		{C4C0D661-D96B-496B-994B-DCB106EAB660}.Debug|Any CPU.ActiveCfg = Debug|Any CPU
		{C4C0D661-D96B-496B-994B-DCB106EAB660}.Debug|Any CPU.Build.0 = Debug|Any CPU
		{C4C0D661-D96B-496B-994B-DCB106EAB660}.Release|Any CPU.ActiveCfg = Release|Any CPU
		{C4C0D661-D96B-496B-994B-DCB106EAB660}.Release|Any CPU.Build.0 = Release|Any CPU
		{7FDDB6BF-22EB-445D-A5EA-06613A4F1677}.Debug|Any CPU.ActiveCfg = Debug|Any CPU
		{7FDDB6BF-22EB-445D-A5EA-06613A4F1677}.Debug|Any CPU.Build.0 = Debug|Any CPU
		{7FDDB6BF-22EB-445D-A5EA-06613A4F1677}.Release|Any CPU.ActiveCfg = Release|Any CPU
		{7FDDB6BF-22EB-445D-A5EA-06613A4F1677}.Release|Any CPU.Build.0 = Release|Any CPU
		{1833D4D3-09EB-4599-9E07-CD3D27D3446C}.Debug|Any CPU.ActiveCfg = Debug|Any CPU
		{1833D4D3-09EB-4599-9E07-CD3D27D3446C}.Debug|Any CPU.Build.0 = Debug|Any CPU
		{1833D4D3-09EB-4599-9E07-CD3D27D3446C}.Release|Any CPU.ActiveCfg = Release|Any CPU
		{1833D4D3-09EB-4599-9E07-CD3D27D3446C}.Release|Any CPU.Build.0 = Release|Any CPU
	EndGlobalSection
	GlobalSection(NestedProjects) = preSolution
		{8FBB3C26-DD69-4D71-8988-F3BA79BF55BB} = {18C75C53-AD2C-4EAA-A13F-E5AE7F1C0DA3}
		{DCFD76E6-4C0C-4169-8C6B-7E8883ECE240} = {18C75C53-AD2C-4EAA-A13F-E5AE7F1C0DA3}
		{0257D140-4A66-49B2-A778-AB6E477504F4} = {F04908B5-232B-4007-A4DA-572106DF05FA}
		{061C5F8A-80C6-4E13-8C63-AA4CAC2A334D} = {F04908B5-232B-4007-A4DA-572106DF05FA}
		{545FF06E-18EC-4725-9D13-879D6AACC4A1} = {7CE383EB-7FD5-44C9-A470-5C603D4E06DC}
		{03CB51D2-3DA7-4CB5-B72D-5E92B60F6EB6} = {7CE383EB-7FD5-44C9-A470-5C603D4E06DC}
		{C4C0D661-D96B-496B-994B-DCB106EAB660} = {7CE383EB-7FD5-44C9-A470-5C603D4E06DC}
		{7FDDB6BF-22EB-445D-A5EA-06613A4F1677} = {7CE383EB-7FD5-44C9-A470-5C603D4E06DC}
		{1833D4D3-09EB-4599-9E07-CD3D27D3446C} = {7CE383EB-7FD5-44C9-A470-5C603D4E06DC}
		{053D1FC5-C093-460D-84DA-0598B6A66157} = {18C75C53-AD2C-4EAA-A13F-E5AE7F1C0DA3}
		{0917028A-88F9-498A-924B-2A81EFCF31C4} = {7CE383EB-7FD5-44C9-A470-5C603D4E06DC}
		{22AE94D7-96AF-42C4-93EB-5D3C4E6C7725} = {F04908B5-232B-4007-A4DA-572106DF05FA}
	EndGlobalSection
EndGlobal
