{
  "version": 1,
  "dependencies": {
    "net10.0": {
      "Amazon.Lambda.APIGatewayEvents": {
        "type": "Direct",
        "requested": "[3.0.1, )",
        "resolved": "3.0.1",
        "contentHash": "+gTGEtrcoCBRtCgcqEl3AlFrYrQY4pFreL22KkmpvXaNX1Lwlrbgk/crEcfuD3Q0wO2AspsJ3xMMj7pJxDYTKA=="
      },
      "Amazon.Lambda.CloudWatchEvents": {
        "type": "Direct",
        "requested": "[5.0.0, )",
        "resolved": "5.0.0",
        "contentHash": "yguApqRkkczjyjaoBYyTkf2jb0CFDCc/WkUlmmY7F6DPylDiweJLPIqHZG73bF3MKxpn7GN4BMvXxFmgpXxfqg=="
      },
      "Amazon.Lambda.Core": {
        "type": "Direct",
        "requested": "[3.3.0, )",
        "resolved": "3.3.0",
        "contentHash": "CZKlX8ZDMi6aKPo5lPAjmsJFDXNJHX00aiiYeRQOEszP8cjx6qklBvTPj4qpr4dlp3YYQjmB87CqAiWV7vk2fA=="
      },
      "AWSSDK.DynamoDBv2": {
        "type": "Direct",
        "requested": "[4.0.103.3, )",
        "resolved": "4.0.103.3",
        "contentHash": "VSDAka/4hlIqfMF/AhLVO3ApCPOXFDsnkhnV0arOMJ2eDVc8j7FE32wxqXP1/MaANE0pzKkscgCNM29gXNb4Yg==",
        "dependencies": {
          "AWSSDK.Core": "[4.0.101.1, 5.0.0)"
        }
      },
      "AWSSDK.XRay": {
        "type": "Direct",
        "requested": "[4.0.100.9, )",
        "resolved": "4.0.100.9",
        "contentHash": "hE402MuflWSNHlGlD2KhXY6Up8zyYKAqJe59x0TAzt94Vfqo2dZjGgReHf/IutOZvk5RAw4HlIIKOyUiUqAfzg==",
        "dependencies": {
          "AWSSDK.Core": "[4.0.101.1, 5.0.0)"
        }
      },
      "AWSXRayRecorder.Handlers.AwsSdk": {
        "type": "Direct",
        "requested": "[2.14.0, )",
        "resolved": "2.14.0",
        "contentHash": "N4CZLxbyZF6qgwzP6MMFGdu9936sHv5fxTlscWFJa3tf0F1mFjRBUeHxbOlA91Si+S0u3XdMPGUBP3KhkCybqw==",
        "dependencies": {
          "AWSXRayRecorder.Core": "2.16.0"
        }
      },
      "Microsoft.NET.Test.Sdk": {
        "type": "Direct",
        "requested": "[18.9.0, )",
        "resolved": "18.9.0",
        "contentHash": "xIzVXa/VpKXqDWzyC/5Hw8JbFY5u9k3Jc53CpcjBiOXvkQGio484LD9FNwOiGUSMDcYL3Rcw9sNgGi5WrswlPQ==",
        "dependencies": {
          "Microsoft.CodeCoverage": "18.9.0",
          "Microsoft.TestPlatform.TestHost": "18.9.0"
        }
      },
      "Amazon.Lambda.SQSEvents": {
        "type": "Transitive",
        "resolved": "2.1.0",
        "contentHash": "a1xaCIuXDleJ8iRE3vHWWhtPqUiURmoQUS68INMEQmtfHr4wTz837TQZONo4cyubv5sZj78DDrYessZEzgFRGQ=="
      },
      "AWSSDK.Core": {
        "type": "Transitive",
        "resolved": "4.0.101.1",
        "contentHash": "NtMRfAGDrdb5PVnTL4vIrnPuPSXbBw0j9+voVMYmgsH5Ep5H4tuNMkPJZCOO9q99mh0L9ClOwVkQHCliR5uOLA=="
      },
      "AWSXRayRecorder.Core": {
        "type": "Transitive",
        "resolved": "2.16.0",
        "contentHash": "I4BMYX4Fs7SiDHtvKoS/TsRUp2flCrfotJOsYRvvn4+gU1wPjD6LEHkIiLNDSwS9Vbh2784dxeWfdAG7oct5MQ==",
        "dependencies": {
          "AWSSDK.Core": "3.3.25.1",
          "Amazon.Lambda.Core": "2.8.0",
          "Amazon.Lambda.SQSEvents": "2.1.0"
        }
      },
      "Microsoft.CodeCoverage": {
        "type": "Transitive",
        "resolved": "18.9.0",
        "contentHash": "MtegCIKGuG0r/LCdIjoR1HgzCGIUBhR3aNdbtQpts5vMXQuqBDZ2Jsd2uFKoHFM2XrQV6ZrDf3F5oLi3SLTp8w=="
      },
      "Microsoft.TestPlatform.ObjectModel": {
        "type": "Transitive",
        "resolved": "18.9.0",
        "contentHash": "Fz/qXC52VXXopzHj7v2reCKcCqSxkTDCkEDfkNAH0vni/7qK/KLMiEYtRmnUanxO2F2g2zZZ60qCpxF0AF7URA=="
      },
      "Microsoft.TestPlatform.TestHost": {
        "type": "Transitive",
        "resolved": "18.9.0",
        "contentHash": "Oq+Pma/J86aZL72t71bcESvDszDsTjUfl6PIsuDdPoKTHZfNMhKamCfLD5fKx51W/u0KozXtJo2/3fnt0sgPxg==",
        "dependencies": {
          "Microsoft.TestPlatform.ObjectModel": "18.9.0"
        }
      }
    }
  }
}