{
  "version": 1,
  "dependencies": {
    "net10.0": {
      "Amazon.Lambda.APIGatewayEvents": {
        "type": "Direct",
        "requested": "[2.7.3, )",
        "resolved": "2.7.3",
        "contentHash": "CXmiXdwuSXSJA0YH+7OJqG2uGDnhDcKkN2ei2u2/kdRFK+RH8JC5GbdechdJoldpogxHdHy12TuAfqqKSC67Nw=="
      },
      "Amazon.Lambda.CloudWatchEvents": {
        "type": "Direct",
        "requested": "[4.4.1, )",
        "resolved": "4.4.1",
        "contentHash": "4ePRyn9XVfAiIIZ6UU+QdJKTgxmQNP9OUmJPtfaKjyVO462/M1f0C6NLX72YNOgGCUQ+SIOQ7Si3PhiprJSfWw=="
      },
      "Amazon.Lambda.Core": {
        "type": "Direct",
        "requested": "[2.8.1, )",
        "resolved": "2.8.1",
        "contentHash": "wLrBdUXY1jn12o3+sar5c5ApMJPGEMye+1rnyDjwCKA2rcPNMZbNsKLQ76bV+DGnx5CN8bArB26SKB/rEuxIxQ=="
      },
      "AWSSDK.DynamoDBv2": {
        "type": "Direct",
        "requested": "[4.0.100.2, )",
        "resolved": "4.0.100.2",
        "contentHash": "fAqKkTLdwSX075GStxoP36cAiffoeL83aiVSdb01vAyPS2EVDc7xZkODni1DGm1iLK52N4TkKfwN0FjlcgeD8A==",
        "dependencies": {
          "AWSSDK.Core": "[4.0.100.2, 5.0.0)"
        }
      },
      "AWSSDK.XRay": {
        "type": "Direct",
        "requested": "[4.0.100.2, )",
        "resolved": "4.0.100.2",
        "contentHash": "PBoHyuOpD9AQIl3cEQ3UHxhFqRCCgXCwlQ0WZ84UyNfP/XdqNeLouU2byPKzeivUZ4Jk2Dub+YPHh+HtfScvuw==",
        "dependencies": {
          "AWSSDK.Core": "[4.0.100.2, 5.0.0)"
        }
      },
      "AWSXRayRecorder.Handlers.AwsSdk": {
        "type": "Direct",
        "requested": "[2.14.0, )",
        "resolved": "2.14.0",
        "contentHash": "N4CZLxbyZF6qgwzP6MMFGdu9936sHv5fxTlscWFJa3tf0F1mFjRBUeHxbOlA91Si+S0u3XdMPGUBP3KhkCybqw==",
        "dependencies": {
          "AWSXRayRecorder.Core": "2.16.0"
        }
      },
      "Microsoft.NET.Test.Sdk": {
        "type": "Direct",
        "requested": "[18.7.0, )",
        "resolved": "18.7.0",
        "contentHash": "49xH9j4UzCh2hMohJp53g3wUTvyycECw7CtVht4gfCz5ykudB1uBcF6D0TtgJPjCtP76UPW53bQElKdCeX+dUg==",
        "dependencies": {
          "Microsoft.CodeCoverage": "18.7.0",
          "Microsoft.TestPlatform.TestHost": "18.7.0"
        }
      },
      "Amazon.Lambda.SQSEvents": {
        "type": "Transitive",
        "resolved": "2.1.0",
        "contentHash": "a1xaCIuXDleJ8iRE3vHWWhtPqUiURmoQUS68INMEQmtfHr4wTz837TQZONo4cyubv5sZj78DDrYessZEzgFRGQ=="
      },
      "AWSSDK.Core": {
        "type": "Transitive",
        "resolved": "4.0.100.2",
        "contentHash": "1hz6lB2Meymkv9rdOy30p5pIbGpYLK0H4O8XUMGwEMmXUB4FJhyTNk69dLWIFdDUrY66h0NyKy9maHKXMRTwJA=="
      },
      "AWSXRayRecorder.Core": {
        "type": "Transitive",
        "resolved": "2.16.0",
        "contentHash": "I4BMYX4Fs7SiDHtvKoS/TsRUp2flCrfotJOsYRvvn4+gU1wPjD6LEHkIiLNDSwS9Vbh2784dxeWfdAG7oct5MQ==",
        "dependencies": {
          "AWSSDK.Core": "3.3.25.1",
          "Amazon.Lambda.Core": "2.8.0",
          "Amazon.Lambda.SQSEvents": "2.1.0"
        }
      },
      "Microsoft.CodeCoverage": {
        "type": "Transitive",
        "resolved": "18.7.0",
        "contentHash": "+wFfx9s7D9wegM0RziXMj2kvYDT4qcqXXtyjiQwSZOGQ2wwcOAJQcD6eQXk02jt0MvRNawtp8TJxTrV+wD8X1g=="
      },
      "Microsoft.TestPlatform.ObjectModel": {
        "type": "Transitive",
        "resolved": "18.7.0",
        "contentHash": "6rmgU4q3/WOpOPcncI0YW0Q/QpcQtwR2TTEXDR5+4TfSimPBAk6Z/BgKLeGgp1SOun0ROVUCCafXhRLwsHaPpA=="
      },
      "Microsoft.TestPlatform.TestHost": {
        "type": "Transitive",
        "resolved": "18.7.0",
        "contentHash": "kYwfmebCs8992zaxEDkvG7S+YEouTeKfYVKUFEkwh1W2dIoOaevBt80XSKVXCUFEhusjOIm1sFfHBnoJgygrRA==",
        "dependencies": {
          "Microsoft.TestPlatform.ObjectModel": "18.7.0",
          "Newtonsoft.Json": "13.0.3"
        }
      },
      "Newtonsoft.Json": {
        "type": "Transitive",
        "resolved": "13.0.3",
        "contentHash": "HrC5BXdl00IP9zeV+0Z848QWPAoCr9P3bDEZguI+gkLcBKAOxix/tLEAAHC+UvDNPv4a2d18lOReHMOagPa+zQ=="
      }
    }
  }
}