{
  "version": 1,
  "dependencies": {
    "net10.0": {
      "Amazon.Lambda.APIGatewayEvents": {
        "type": "Direct",
        "requested": "[3.0.1, )",
        "resolved": "3.0.1",
        "contentHash": "+gTGEtrcoCBRtCgcqEl3AlFrYrQY4pFreL22KkmpvXaNX1Lwlrbgk/crEcfuD3Q0wO2AspsJ3xMMj7pJxDYTKA=="
      },
      "Amazon.Lambda.CloudWatchEvents": {
        "type": "Direct",
        "requested": "[5.0.0, )",
        "resolved": "5.0.0",
        "contentHash": "yguApqRkkczjyjaoBYyTkf2jb0CFDCc/WkUlmmY7F6DPylDiweJLPIqHZG73bF3MKxpn7GN4BMvXxFmgpXxfqg=="
      },
      "Amazon.Lambda.Core": {
        "type": "Direct",
        "requested": "[3.3.0, )",
        "resolved": "3.3.0",
        "contentHash": "CZKlX8ZDMi6aKPo5lPAjmsJFDXNJHX00aiiYeRQOEszP8cjx6qklBvTPj4qpr4dlp3YYQjmB87CqAiWV7vk2fA=="
      },
      "Amazon.Lambda.Serialization.SystemTextJson": {
        "type": "Direct",
        "requested": "[3.0.1, )",
        "resolved": "3.0.1",
        "contentHash": "QsHygaMyxQdgh5NPs5GGyBjK6mqQr5nv8rpqlrWC5+e1k7sVx+2xwDHv493S5IMw461S/PyHfjkUDjIQU5ArSA==",
        "dependencies": {
          "Amazon.Lambda.Core": "3.3.0"
        }
      },
      "AWS.Lambda.Powertools.Logging": {
        "type": "Direct",
        "requested": "[3.2.2, )",
        "resolved": "3.2.2",
        "contentHash": "VZ2o/8cVtuo+1LaTORo62LEOx87SeRE+VAu2VRsg2AWdT3Wx4c+WSRnhWB1yP6jnvMzvy2FKjWQ5BU+dSoWY3A==",
        "dependencies": {
          "Amazon.Lambda.Core": "2.8.0",
          "Amazon.Lambda.Serialization.SystemTextJson": "2.4.4",
          "AspectInjector": "2.8.1",
          "Microsoft.Extensions.Logging": "8.0.1",
          "Microsoft.Extensions.Logging.Configuration": "8.0.1"
        }
      },
      "AWS.Lambda.Powertools.Metrics": {
        "type": "Direct",
        "requested": "[3.2.2, )",
        "resolved": "3.2.2",
        "contentHash": "6YJKF3fs4OCzsE/eaJNXwgcj7GMHuAczCcXd11HIjYRoXTKd/0ubcOQ3mFOQDqkqzwW/fMWBucm1JUvzyBRzTA==",
        "dependencies": {
          "Amazon.Lambda.Core": "2.8.0",
          "AspectInjector": "2.8.1"
        }
      },
      "AWS.Lambda.Powertools.Tracing": {
        "type": "Direct",
        "requested": "[3.2.2, )",
        "resolved": "3.2.2",
        "contentHash": "RiATfbisiVTzxnXCTFuaOPFqzVP/Bf5jTVJ1PmjFCECPvO6FoLTMFoJGa7+Dsz5xpIzgFg+Ez3bo9IwLqrZwyQ==",
        "dependencies": {
          "AWSSDK.XRay": "4.0.3.7",
          "AWSXRayRecorder.Core": "2.15.0",
          "AWSXRayRecorder.Handlers.AwsSdk": "2.13.0",
          "Amazon.Lambda.Core": "2.8.0",
          "Amazon.Lambda.Serialization.SystemTextJson": "2.4.4",
          "AspectInjector": "2.8.1"
        }
      },
      "AWSSDK.DynamoDBv2": {
        "type": "Direct",
        "requested": "[4.0.103.3, )",
        "resolved": "4.0.103.3",
        "contentHash": "VSDAka/4hlIqfMF/AhLVO3ApCPOXFDsnkhnV0arOMJ2eDVc8j7FE32wxqXP1/MaANE0pzKkscgCNM29gXNb4Yg==",
        "dependencies": {
          "AWSSDK.Core": "[4.0.101.1, 5.0.0)"
        }
      },
      "AWSSDK.EventBridge": {
        "type": "Direct",
        "requested": "[4.0.100.9, )",
        "resolved": "4.0.100.9",
        "contentHash": "mqk+FJl496YZnW7j4dH6wsU8Y6wKXDPQjBL9vb2M1WWrhpxgkJDnIcQhgElOLOPaSY4jSbr/AJC8HczdAg/d0A==",
        "dependencies": {
          "AWSSDK.Core": "[4.0.101.1, 5.0.0)"
        }
      },
      "AWSSDK.XRay": {
        "type": "Direct",
        "requested": "[4.0.100.9, )",
        "resolved": "4.0.100.9",
        "contentHash": "hE402MuflWSNHlGlD2KhXY6Up8zyYKAqJe59x0TAzt94Vfqo2dZjGgReHf/IutOZvk5RAw4HlIIKOyUiUqAfzg==",
        "dependencies": {
          "AWSSDK.Core": "[4.0.101.1, 5.0.0)"
        }
      },
      "AWSXRayRecorder.Handlers.AwsSdk": {
        "type": "Direct",
        "requested": "[2.14.0, )",
        "resolved": "2.14.0",
        "contentHash": "N4CZLxbyZF6qgwzP6MMFGdu9936sHv5fxTlscWFJa3tf0F1mFjRBUeHxbOlA91Si+S0u3XdMPGUBP3KhkCybqw==",
        "dependencies": {
          "AWSXRayRecorder.Core": "2.16.0"
        }
      },
      "Amazon.Lambda.SQSEvents": {
        "type": "Transitive",
        "resolved": "2.1.0",
        "contentHash": "a1xaCIuXDleJ8iRE3vHWWhtPqUiURmoQUS68INMEQmtfHr4wTz837TQZONo4cyubv5sZj78DDrYessZEzgFRGQ=="
      },
      "AspectInjector": {
        "type": "Transitive",
        "resolved": "2.8.1",
        "contentHash": "8BScDeaLazJVFaa2Tt9hoWLhllnxXP3Sew+l/vktdZEcgoPOsqhlDqe6GXJvy7xVkdICAbKFsrcDJ0cfrDR6Mg=="
      },
      "AWSSDK.Core": {
        "type": "Transitive",
        "resolved": "4.0.101.1",
        "contentHash": "NtMRfAGDrdb5PVnTL4vIrnPuPSXbBw0j9+voVMYmgsH5Ep5H4tuNMkPJZCOO9q99mh0L9ClOwVkQHCliR5uOLA=="
      },
      "AWSXRayRecorder.Core": {
        "type": "Transitive",
        "resolved": "2.16.0",
        "contentHash": "I4BMYX4Fs7SiDHtvKoS/TsRUp2flCrfotJOsYRvvn4+gU1wPjD6LEHkIiLNDSwS9Vbh2784dxeWfdAG7oct5MQ==",
        "dependencies": {
          "AWSSDK.Core": "3.3.25.1",
          "Amazon.Lambda.Core": "2.8.0",
          "Amazon.Lambda.SQSEvents": "2.1.0"
        }
      },
      "Microsoft.CodeCoverage": {
        "type": "Transitive",
        "resolved": "18.9.0",
        "contentHash": "MtegCIKGuG0r/LCdIjoR1HgzCGIUBhR3aNdbtQpts5vMXQuqBDZ2Jsd2uFKoHFM2XrQV6ZrDf3F5oLi3SLTp8w=="
      },
      "Microsoft.Extensions.Configuration": {
        "type": "Transitive",
        "resolved": "8.0.0",
        "contentHash": "0J/9YNXTMWSZP2p2+nvl8p71zpSwokZXZuJW+VjdErkegAnFdO1XlqtA62SJtgVYHdKu3uPxJHcMR/r35HwFBA==",
        "dependencies": {
          "Microsoft.Extensions.Configuration.Abstractions": "8.0.0",
          "Microsoft.Extensions.Primitives": "8.0.0"
        }
      },
      "Microsoft.Extensions.Configuration.Abstractions": {
        "type": "Transitive",
        "resolved": "8.0.0",
        "contentHash": "3lE/iLSutpgX1CC0NOW70FJoGARRHbyKmG7dc0klnUZ9Dd9hS6N/POPWhKhMLCEuNN5nXEY5agmlFtH562vqhQ==",
        "dependencies": {
          "Microsoft.Extensions.Primitives": "8.0.0"
        }
      },
      "Microsoft.Extensions.Configuration.Binder": {
        "type": "Transitive",
        "resolved": "8.0.2",
        "contentHash": "7IQhGK+wjyGrNsPBjJcZwWAr+Wf6D4+TwOptUt77bWtgNkiV8tDEbhFS+dDamtQFZ2X7kWG9m71iZQRj2x3zgQ==",
        "dependencies": {
          "Microsoft.Extensions.Configuration.Abstractions": "8.0.0"
        }
      },
      "Microsoft.Extensions.DependencyInjection": {
        "type": "Transitive",
        "resolved": "8.0.1",
        "contentHash": "BmANAnR5Xd4Oqw7yQ75xOAYODybZQRzdeNucg7kS5wWKd2PNnMdYtJ2Vciy0QLylRmv42DGl5+AFL9izA6F1Rw==",
        "dependencies": {
          "Microsoft.Extensions.DependencyInjection.Abstractions": "8.0.2"
        }
      },
      "Microsoft.Extensions.DependencyInjection.Abstractions": {
        "type": "Transitive",
        "resolved": "8.0.2",
        "contentHash": "3iE7UF7MQkCv1cxzCahz+Y/guQbTqieyxyaWKhrRO91itI9cOKO76OHeQDahqG4MmW5umr3CcCvGmK92lWNlbg=="
      },
      "Microsoft.Extensions.Logging": {
        "type": "Transitive",
        "resolved": "8.0.1",
        "contentHash": "4x+pzsQEbqxhNf1QYRr5TDkLP9UsLT3A6MdRKDDEgrW7h1ljiEPgTNhKYUhNCCAaVpQECVQ+onA91PTPnIp6Lw==",
        "dependencies": {
          "Microsoft.Extensions.DependencyInjection": "8.0.1",
          "Microsoft.Extensions.Logging.Abstractions": "8.0.2",
          "Microsoft.Extensions.Options": "8.0.2"
        }
      },
      "Microsoft.Extensions.Logging.Abstractions": {
        "type": "Transitive",
        "resolved": "8.0.2",
        "contentHash": "nroMDjS7hNBPtkZqVBbSiQaQjWRDxITI8Y7XnDs97rqG3EbzVTNLZQf7bIeUJcaHOV8bca47s1Uxq94+2oGdxA==",
        "dependencies": {
          "Microsoft.Extensions.DependencyInjection.Abstractions": "8.0.2"
        }
      },
      "Microsoft.Extensions.Logging.Configuration": {
        "type": "Transitive",
        "resolved": "8.0.1",
        "contentHash": "QWwTrsgOnJMmn+XUslm8D2H1n3PkP/u/v52FODtyBc/k4W9r3i2vcXXeeX/upnzllJYRRbrzVzT0OclfNJtBJA==",
        "dependencies": {
          "Microsoft.Extensions.Configuration": "8.0.0",
          "Microsoft.Extensions.Configuration.Abstractions": "8.0.0",
          "Microsoft.Extensions.Configuration.Binder": "8.0.2",
          "Microsoft.Extensions.DependencyInjection.Abstractions": "8.0.2",
          "Microsoft.Extensions.Logging": "8.0.1",
          "Microsoft.Extensions.Logging.Abstractions": "8.0.2",
          "Microsoft.Extensions.Options": "8.0.2",
          "Microsoft.Extensions.Options.ConfigurationExtensions": "8.0.0"
        }
      },
      "Microsoft.Extensions.Options": {
        "type": "Transitive",
        "resolved": "8.0.2",
        "contentHash": "dWGKvhFybsaZpGmzkGCbNNwBD1rVlWzrZKANLW/CcbFJpCEceMCGzT7zZwHOGBCbwM0SzBuceMj5HN1LKV1QqA==",
        "dependencies": {
          "Microsoft.Extensions.DependencyInjection.Abstractions": "8.0.0",
          "Microsoft.Extensions.Primitives": "8.0.0"
        }
      },
      "Microsoft.Extensions.Options.ConfigurationExtensions": {
        "type": "Transitive",
        "resolved": "8.0.0",
        "contentHash": "0f4DMRqEd50zQh+UyJc+/HiBsZ3vhAQALgdkcQEalSH1L2isdC7Yj54M3cyo5e+BeO5fcBQ7Dxly8XiBBcvRgw==",
        "dependencies": {
          "Microsoft.Extensions.Configuration.Abstractions": "8.0.0",
          "Microsoft.Extensions.Configuration.Binder": "8.0.0",
          "Microsoft.Extensions.DependencyInjection.Abstractions": "8.0.0",
          "Microsoft.Extensions.Options": "8.0.0",
          "Microsoft.Extensions.Primitives": "8.0.0"
        }
      },
      "Microsoft.Extensions.Primitives": {
        "type": "Transitive",
        "resolved": "8.0.0",
        "contentHash": "bXJEZrW9ny8vjMF1JV253WeLhpEVzFo1lyaZu1vQ4ZxWUlVvknZ/+ftFgVheLubb4eZPSwwxBeqS1JkCOjxd8g=="
      },
      "Microsoft.NET.Test.Sdk": {
        "type": "Transitive",
        "resolved": "18.9.0",
        "contentHash": "xIzVXa/VpKXqDWzyC/5Hw8JbFY5u9k3Jc53CpcjBiOXvkQGio484LD9FNwOiGUSMDcYL3Rcw9sNgGi5WrswlPQ==",
        "dependencies": {
          "Microsoft.CodeCoverage": "18.9.0",
          "Microsoft.TestPlatform.TestHost": "18.9.0"
        }
      },
      "Microsoft.TestPlatform.ObjectModel": {
        "type": "Transitive",
        "resolved": "18.9.0",
        "contentHash": "Fz/qXC52VXXopzHj7v2reCKcCqSxkTDCkEDfkNAH0vni/7qK/KLMiEYtRmnUanxO2F2g2zZZ60qCpxF0AF7URA=="
      },
      "Microsoft.TestPlatform.TestHost": {
        "type": "Transitive",
        "resolved": "18.9.0",
        "contentHash": "Oq+Pma/J86aZL72t71bcESvDszDsTjUfl6PIsuDdPoKTHZfNMhKamCfLD5fKx51W/u0KozXtJo2/3fnt0sgPxg==",
        "dependencies": {
          "Microsoft.TestPlatform.ObjectModel": "18.9.0"
        }
      },
      "Unicorn.Web.Common": {
        "type": "Project",
        "dependencies": {
          "AWSSDK.DynamoDBv2": "[4.0.103.3, )",
          "AWSSDK.XRay": "[4.0.100.9, )",
          "AWSXRayRecorder.Handlers.AwsSdk": "[2.14.0, )",
          "Amazon.Lambda.APIGatewayEvents": "[3.0.1, )",
          "Amazon.Lambda.CloudWatchEvents": "[5.0.0, )",
          "Amazon.Lambda.Core": "[3.3.0, )",
          "Microsoft.NET.Test.Sdk": "[18.9.0, )"
        }
      }
    }
  }
}