{
  "version": 1,
  "dependencies": {
    "net10.0": {
      "Amazon.Lambda.Core": {
        "type": "Direct",
        "requested": "[2.8.1, )",
        "resolved": "2.8.1",
        "contentHash": "wLrBdUXY1jn12o3+sar5c5ApMJPGEMye+1rnyDjwCKA2rcPNMZbNsKLQ76bV+DGnx5CN8bArB26SKB/rEuxIxQ=="
      },
      "Amazon.Lambda.DynamoDBEvents": {
        "type": "Direct",
        "requested": "[3.1.2, )",
        "resolved": "3.1.2",
        "contentHash": "YakGSnNDyDC9Vt3icHdJqAOzBd5KlaS5vrHtHP82Ap8MOprak6hbDwSCgufZOQTnu3IfRH8eIEHQB6ZuQa1MlA=="
      },
      "Amazon.Lambda.TestUtilities": {
        "type": "Direct",
        "requested": "[3.0.1, )",
        "resolved": "3.0.1",
        "contentHash": "YNi557oo7+LPDa6Z2Wm1vCX05E4SKmxpLtb7RoX0998F9i7aRSnj4YgPfWRyc9hRpAcwNHPPrK6rMQRCL+1NjQ==",
        "dependencies": {
          "Amazon.Lambda.Core": "2.7.1"
        }
      },
      "coverlet.collector": {
        "type": "Direct",
        "requested": "[6.0.4, )",
        "resolved": "6.0.4",
        "contentHash": "lkhqpF8Pu2Y7IiN7OntbsTtdbpR1syMsm2F3IgX6ootA4ffRqWL5jF7XipHuZQTdVuWG/gVAAcf8mjk8Tz0xPg=="
      },
      "Microsoft.NET.Test.Sdk": {
        "type": "Direct",
        "requested": "[18.7.0, )",
        "resolved": "18.7.0",
        "contentHash": "49xH9j4UzCh2hMohJp53g3wUTvyycECw7CtVht4gfCz5ykudB1uBcF6D0TtgJPjCtP76UPW53bQElKdCeX+dUg==",
        "dependencies": {
          "Microsoft.CodeCoverage": "18.7.0",
          "Microsoft.TestPlatform.TestHost": "18.7.0"
        }
      },
      "NSubstitute": {
        "type": "Direct",
        "requested": "[5.3.0, )",
        "resolved": "5.3.0",
        "contentHash": "lJ47Cps5Qzr86N99lcwd+OUvQma7+fBgr8+Mn+aOC0WrlqMNkdivaYD9IvnZ5Mqo6Ky3LS7ZI+tUq1/s9ERd0Q==",
        "dependencies": {
          "Castle.Core": "5.1.1"
        }
      },
      "xunit": {
        "type": "Direct",
        "requested": "[2.9.3, )",
        "resolved": "2.9.3",
        "contentHash": "TlXQBinK35LpOPKHAqbLY4xlEen9TBafjs0V5KnA4wZsoQLQJiirCR4CbIXvOH8NzkW4YeJKP5P/Bnrodm0h9Q==",
        "dependencies": {
          "xunit.analyzers": "1.18.0",
          "xunit.assert": "2.9.3",
          "xunit.core": "[2.9.3]"
        }
      },
      "xunit.runner.visualstudio": {
        "type": "Direct",
        "requested": "[3.1.5, )",
        "resolved": "3.1.5",
        "contentHash": "tKi7dSTwP4m5m9eXPM2Ime4Kn7xNf4x4zT9sdLO/G4hZVnQCRiMTWoSZqI/pYTVeI27oPPqHBKYI/DjJ9GsYgA=="
      },
      "Amazon.Lambda.APIGatewayEvents": {
        "type": "Transitive",
        "resolved": "2.7.3",
        "contentHash": "CXmiXdwuSXSJA0YH+7OJqG2uGDnhDcKkN2ei2u2/kdRFK+RH8JC5GbdechdJoldpogxHdHy12TuAfqqKSC67Nw=="
      },
      "Amazon.Lambda.Serialization.SystemTextJson": {
        "type": "Transitive",
        "resolved": "2.4.5",
        "contentHash": "5A/uFtcGBbRP7yA2dAaG6H67Sb0HKvzy8tscHj8b4QiYsZ3fFykBdfqcYuLgIlTHJIutz6JzF8gOvlYH9/5s7g==",
        "dependencies": {
          "Amazon.Lambda.Core": "2.8.0"
        }
      },
      "Amazon.Lambda.SQSEvents": {
        "type": "Transitive",
        "resolved": "2.1.0",
        "contentHash": "a1xaCIuXDleJ8iRE3vHWWhtPqUiURmoQUS68INMEQmtfHr4wTz837TQZONo4cyubv5sZj78DDrYessZEzgFRGQ=="
      },
      "AspectInjector": {
        "type": "Transitive",
        "resolved": "2.8.1",
        "contentHash": "8BScDeaLazJVFaa2Tt9hoWLhllnxXP3Sew+l/vktdZEcgoPOsqhlDqe6GXJvy7xVkdICAbKFsrcDJ0cfrDR6Mg=="
      },
      "AWS.Lambda.Powertools.Logging": {
        "type": "Transitive",
        "resolved": "3.2.2",
        "contentHash": "VZ2o/8cVtuo+1LaTORo62LEOx87SeRE+VAu2VRsg2AWdT3Wx4c+WSRnhWB1yP6jnvMzvy2FKjWQ5BU+dSoWY3A==",
        "dependencies": {
          "Amazon.Lambda.Core": "2.8.0",
          "Amazon.Lambda.Serialization.SystemTextJson": "2.4.4",
          "AspectInjector": "2.8.1",
          "Microsoft.Extensions.Logging": "8.0.1",
          "Microsoft.Extensions.Logging.Configuration": "8.0.1"
        }
      },
      "AWS.Lambda.Powertools.Metrics": {
        "type": "Transitive",
        "resolved": "3.2.2",
        "contentHash": "6YJKF3fs4OCzsE/eaJNXwgcj7GMHuAczCcXd11HIjYRoXTKd/0ubcOQ3mFOQDqkqzwW/fMWBucm1JUvzyBRzTA==",
        "dependencies": {
          "Amazon.Lambda.Core": "2.8.0",
          "AspectInjector": "2.8.1"
        }
      },
      "AWS.Lambda.Powertools.Tracing": {
        "type": "Transitive",
        "resolved": "3.2.2",
        "contentHash": "RiATfbisiVTzxnXCTFuaOPFqzVP/Bf5jTVJ1PmjFCECPvO6FoLTMFoJGa7+Dsz5xpIzgFg+Ez3bo9IwLqrZwyQ==",
        "dependencies": {
          "AWSSDK.XRay": "4.0.3.7",
          "AWSXRayRecorder.Core": "2.15.0",
          "AWSXRayRecorder.Handlers.AwsSdk": "2.13.0",
          "Amazon.Lambda.Core": "2.8.0",
          "Amazon.Lambda.Serialization.SystemTextJson": "2.4.4",
          "AspectInjector": "2.8.1"
        }
      },
      "AWSSDK.Core": {
        "type": "Transitive",
        "resolved": "4.0.100.2",
        "contentHash": "1hz6lB2Meymkv9rdOy30p5pIbGpYLK0H4O8XUMGwEMmXUB4FJhyTNk69dLWIFdDUrY66h0NyKy9maHKXMRTwJA=="
      },
      "AWSSDK.DynamoDBv2": {
        "type": "Transitive",
        "resolved": "4.0.100.2",
        "contentHash": "fAqKkTLdwSX075GStxoP36cAiffoeL83aiVSdb01vAyPS2EVDc7xZkODni1DGm1iLK52N4TkKfwN0FjlcgeD8A==",
        "dependencies": {
          "AWSSDK.Core": "[4.0.100.2, 5.0.0)"
        }
      },
      "AWSSDK.XRay": {
        "type": "Transitive",
        "resolved": "4.0.100.2",
        "contentHash": "PBoHyuOpD9AQIl3cEQ3UHxhFqRCCgXCwlQ0WZ84UyNfP/XdqNeLouU2byPKzeivUZ4Jk2Dub+YPHh+HtfScvuw==",
        "dependencies": {
          "AWSSDK.Core": "[4.0.100.2, 5.0.0)"
        }
      },
      "AWSXRayRecorder.Core": {
        "type": "Transitive",
        "resolved": "2.16.0",
        "contentHash": "I4BMYX4Fs7SiDHtvKoS/TsRUp2flCrfotJOsYRvvn4+gU1wPjD6LEHkIiLNDSwS9Vbh2784dxeWfdAG7oct5MQ==",
        "dependencies": {
          "AWSSDK.Core": "3.3.25.1",
          "Amazon.Lambda.Core": "2.8.0",
          "Amazon.Lambda.SQSEvents": "2.1.0"
        }
      },
      "AWSXRayRecorder.Handlers.AwsSdk": {
        "type": "Transitive",
        "resolved": "2.14.0",
        "contentHash": "N4CZLxbyZF6qgwzP6MMFGdu9936sHv5fxTlscWFJa3tf0F1mFjRBUeHxbOlA91Si+S0u3XdMPGUBP3KhkCybqw==",
        "dependencies": {
          "AWSXRayRecorder.Core": "2.16.0"
        }
      },
      "Castle.Core": {
        "type": "Transitive",
        "resolved": "5.1.1",
        "contentHash": "rpYtIczkzGpf+EkZgDr9CClTdemhsrwA/W5hMoPjLkRFnXzH44zDLoovXeKtmxb1ykXK9aJVODSpiJml8CTw2g==",
        "dependencies": {
          "System.Diagnostics.EventLog": "6.0.0"
        }
      },
      "Microsoft.CodeCoverage": {
        "type": "Transitive",
        "resolved": "18.7.0",
        "contentHash": "+wFfx9s7D9wegM0RziXMj2kvYDT4qcqXXtyjiQwSZOGQ2wwcOAJQcD6eQXk02jt0MvRNawtp8TJxTrV+wD8X1g=="
      },
      "Microsoft.Extensions.Configuration": {
        "type": "Transitive",
        "resolved": "8.0.0",
        "contentHash": "0J/9YNXTMWSZP2p2+nvl8p71zpSwokZXZuJW+VjdErkegAnFdO1XlqtA62SJtgVYHdKu3uPxJHcMR/r35HwFBA==",
        "dependencies": {
          "Microsoft.Extensions.Configuration.Abstractions": "8.0.0",
          "Microsoft.Extensions.Primitives": "8.0.0"
        }
      },
      "Microsoft.Extensions.Configuration.Abstractions": {
        "type": "Transitive",
        "resolved": "8.0.0",
        "contentHash": "3lE/iLSutpgX1CC0NOW70FJoGARRHbyKmG7dc0klnUZ9Dd9hS6N/POPWhKhMLCEuNN5nXEY5agmlFtH562vqhQ==",
        "dependencies": {
          "Microsoft.Extensions.Primitives": "8.0.0"
        }
      },
      "Microsoft.Extensions.Configuration.Binder": {
        "type": "Transitive",
        "resolved": "8.0.2",
        "contentHash": "7IQhGK+wjyGrNsPBjJcZwWAr+Wf6D4+TwOptUt77bWtgNkiV8tDEbhFS+dDamtQFZ2X7kWG9m71iZQRj2x3zgQ==",
        "dependencies": {
          "Microsoft.Extensions.Configuration.Abstractions": "8.0.0"
        }
      },
      "Microsoft.Extensions.DependencyInjection": {
        "type": "Transitive",
        "resolved": "8.0.1",
        "contentHash": "BmANAnR5Xd4Oqw7yQ75xOAYODybZQRzdeNucg7kS5wWKd2PNnMdYtJ2Vciy0QLylRmv42DGl5+AFL9izA6F1Rw==",
        "dependencies": {
          "Microsoft.Extensions.DependencyInjection.Abstractions": "8.0.2"
        }
      },
      "Microsoft.Extensions.DependencyInjection.Abstractions": {
        "type": "Transitive",
        "resolved": "8.0.2",
        "contentHash": "3iE7UF7MQkCv1cxzCahz+Y/guQbTqieyxyaWKhrRO91itI9cOKO76OHeQDahqG4MmW5umr3CcCvGmK92lWNlbg=="
      },
      "Microsoft.Extensions.Logging": {
        "type": "Transitive",
        "resolved": "8.0.1",
        "contentHash": "4x+pzsQEbqxhNf1QYRr5TDkLP9UsLT3A6MdRKDDEgrW7h1ljiEPgTNhKYUhNCCAaVpQECVQ+onA91PTPnIp6Lw==",
        "dependencies": {
          "Microsoft.Extensions.DependencyInjection": "8.0.1",
          "Microsoft.Extensions.Logging.Abstractions": "8.0.2",
          "Microsoft.Extensions.Options": "8.0.2"
        }
      },
      "Microsoft.Extensions.Logging.Abstractions": {
        "type": "Transitive",
        "resolved": "8.0.2",
        "contentHash": "nroMDjS7hNBPtkZqVBbSiQaQjWRDxITI8Y7XnDs97rqG3EbzVTNLZQf7bIeUJcaHOV8bca47s1Uxq94+2oGdxA==",
        "dependencies": {
          "Microsoft.Extensions.DependencyInjection.Abstractions": "8.0.2"
        }
      },
      "Microsoft.Extensions.Logging.Configuration": {
        "type": "Transitive",
        "resolved": "8.0.1",
        "contentHash": "QWwTrsgOnJMmn+XUslm8D2H1n3PkP/u/v52FODtyBc/k4W9r3i2vcXXeeX/upnzllJYRRbrzVzT0OclfNJtBJA==",
        "dependencies": {
          "Microsoft.Extensions.Configuration": "8.0.0",
          "Microsoft.Extensions.Configuration.Abstractions": "8.0.0",
          "Microsoft.Extensions.Configuration.Binder": "8.0.2",
          "Microsoft.Extensions.DependencyInjection.Abstractions": "8.0.2",
          "Microsoft.Extensions.Logging": "8.0.1",
          "Microsoft.Extensions.Logging.Abstractions": "8.0.2",
          "Microsoft.Extensions.Options": "8.0.2",
          "Microsoft.Extensions.Options.ConfigurationExtensions": "8.0.0"
        }
      },
      "Microsoft.Extensions.Options": {
        "type": "Transitive",
        "resolved": "8.0.2",
        "contentHash": "dWGKvhFybsaZpGmzkGCbNNwBD1rVlWzrZKANLW/CcbFJpCEceMCGzT7zZwHOGBCbwM0SzBuceMj5HN1LKV1QqA==",
        "dependencies": {
          "Microsoft.Extensions.DependencyInjection.Abstractions": "8.0.0",
          "Microsoft.Extensions.Primitives": "8.0.0"
        }
      },
      "Microsoft.Extensions.Options.ConfigurationExtensions": {
        "type": "Transitive",
        "resolved": "8.0.0",
        "contentHash": "0f4DMRqEd50zQh+UyJc+/HiBsZ3vhAQALgdkcQEalSH1L2isdC7Yj54M3cyo5e+BeO5fcBQ7Dxly8XiBBcvRgw==",
        "dependencies": {
          "Microsoft.Extensions.Configuration.Abstractions": "8.0.0",
          "Microsoft.Extensions.Configuration.Binder": "8.0.0",
          "Microsoft.Extensions.DependencyInjection.Abstractions": "8.0.0",
          "Microsoft.Extensions.Options": "8.0.0",
          "Microsoft.Extensions.Primitives": "8.0.0"
        }
      },
      "Microsoft.Extensions.Primitives": {
        "type": "Transitive",
        "resolved": "8.0.0",
        "contentHash": "bXJEZrW9ny8vjMF1JV253WeLhpEVzFo1lyaZu1vQ4ZxWUlVvknZ/+ftFgVheLubb4eZPSwwxBeqS1JkCOjxd8g=="
      },
      "Microsoft.TestPlatform.ObjectModel": {
        "type": "Transitive",
        "resolved": "18.7.0",
        "contentHash": "6rmgU4q3/WOpOPcncI0YW0Q/QpcQtwR2TTEXDR5+4TfSimPBAk6Z/BgKLeGgp1SOun0ROVUCCafXhRLwsHaPpA=="
      },
      "Microsoft.TestPlatform.TestHost": {
        "type": "Transitive",
        "resolved": "18.7.0",
        "contentHash": "kYwfmebCs8992zaxEDkvG7S+YEouTeKfYVKUFEkwh1W2dIoOaevBt80XSKVXCUFEhusjOIm1sFfHBnoJgygrRA==",
        "dependencies": {
          "Microsoft.TestPlatform.ObjectModel": "18.7.0",
          "Newtonsoft.Json": "13.0.3"
        }
      },
      "Newtonsoft.Json": {
        "type": "Transitive",
        "resolved": "13.0.3",
        "contentHash": "HrC5BXdl00IP9zeV+0Z848QWPAoCr9P3bDEZguI+gkLcBKAOxix/tLEAAHC+UvDNPv4a2d18lOReHMOagPa+zQ=="
      },
      "System.Diagnostics.EventLog": {
        "type": "Transitive",
        "resolved": "6.0.0",
        "contentHash": "lcyUiXTsETK2ALsZrX+nWuHSIQeazhqPphLfaRxzdGaG93+0kELqpgEHtwWOlQe7+jSFnKwaCAgL4kjeZCQJnw=="
      },
      "xunit.abstractions": {
        "type": "Transitive",
        "resolved": "2.0.3",
        "contentHash": "pot1I4YOxlWjIb5jmwvvQNbTrZ3lJQ+jUGkGjWE3hEFM0l5gOnBWS+H3qsex68s5cO52g+44vpGzhAt+42vwKg=="
      },
      "xunit.analyzers": {
        "type": "Transitive",
        "resolved": "1.18.0",
        "contentHash": "OtFMHN8yqIcYP9wcVIgJrq01AfTxijjAqVDy/WeQVSyrDC1RzBWeQPztL49DN2syXRah8TYnfvk035s7L95EZQ=="
      },
      "xunit.assert": {
        "type": "Transitive",
        "resolved": "2.9.3",
        "contentHash": "/Kq28fCE7MjOV42YLVRAJzRF0WmEqsmflm0cfpMjGtzQ2lR5mYVj1/i0Y8uDAOLczkL3/jArrwehfMD0YogMAA=="
      },
      "xunit.core": {
        "type": "Transitive",
        "resolved": "2.9.3",
        "contentHash": "BiAEvqGvyme19wE0wTKdADH+NloYqikiU0mcnmiNyXaF9HyHmE6sr/3DC5vnBkgsWaE6yPyWszKSPSApWdRVeQ==",
        "dependencies": {
          "xunit.extensibility.core": "[2.9.3]",
          "xunit.extensibility.execution": "[2.9.3]"
        }
      },
      "xunit.extensibility.core": {
        "type": "Transitive",
        "resolved": "2.9.3",
        "contentHash": "kf3si0YTn2a8J8eZNb+zFpwfoyvIrQ7ivNk5ZYA5yuYk1bEtMe4DxJ2CF/qsRgmEnDr7MnW1mxylBaHTZ4qErA==",
        "dependencies": {
          "xunit.abstractions": "2.0.3"
        }
      },
      "xunit.extensibility.execution": {
        "type": "Transitive",
        "resolved": "2.9.3",
        "contentHash": "yMb6vMESlSrE3Wfj7V6cjQ3S4TXdXpRqYeNEI3zsX31uTsGMJjEw6oD5F5u1cHnMptjhEECnmZSsPxB6ChZHDQ==",
        "dependencies": {
          "xunit.extensibility.core": "[2.9.3]"
        }
      },
      "Unicorn.Contracts.ContractService": {
        "type": "Project",
        "dependencies": {
          "AWS.Lambda.Powertools.Logging": "[3.2.2, )",
          "AWS.Lambda.Powertools.Metrics": "[3.2.2, )",
          "AWS.Lambda.Powertools.Tracing": "[3.2.2, )",
          "AWSSDK.DynamoDBv2": "[4.0.100.2, )",
          "AWSSDK.XRay": "[4.0.100.2, )",
          "AWSXRayRecorder.Handlers.AwsSdk": "[2.14.0, )",
          "Amazon.Lambda.APIGatewayEvents": "[2.7.3, )",
          "Amazon.Lambda.Core": "[2.8.1, )",
          "Amazon.Lambda.Serialization.SystemTextJson": "[2.4.5, )"
        }
      }
    }
  }
}